// !$*UTF8*$!
{
	archiveVersion = 1;
	classes = {
	};
	objectVersion = 46;
	objects = {

/* Begin PBXBuildFile section */
		68BBDA671E6C6A6800B1C572 /* AppDelegate.swift in Sources */ = {isa = PBXBuildFile; fileRef = 68BBDA661E6C6A6800B1C572 /* AppDelegate.swift */; };
		68BBDA691E6C6A6900B1C572 /* ViewController.swift in Sources */ = {isa = PBXBuildFile; fileRef = 68BBDA681E6C6A6900B1C572 /* ViewController.swift */; };
		68BBDA6C1E6C6A6900B1C572 /* Main.storyboard in Resources */ = {isa = PBXBuildFile; fileRef = 68BBDA6A1E6C6A6900B1C572 /* Main.storyboard */; };
		68BBDA6E1E6C6A6900B1C572 /* Assets.xcassets in Resources */ = {isa = PBXBuildFile; fileRef = 68BBDA6D1E6C6A6900B1C572 /* Assets.xcassets */; };
		68BBDA711E6C6A6900B1C572 /* LaunchScreen.storyboard in Resources */ = {isa = PBXBuildFile; fileRef = 68BBDA6F1E6C6A6900B1C572 /* LaunchScreen.storyboard */; };
/* End PBXBuildFile section */

/* Begin PBXFileReference section */
		68BBDA631E6C6A6800B1C572 /* AutoLayoutTraits.app */ = {isa = PBXFileReference; explicitFileType = wrapper.application; includeInIndex = 0; path = AutoLayoutTraits.app; sourceTree = BUILT_PRODUCTS_DIR; };
		68BBDA661E6C6A6800B1C572 /* AppDelegate.swift */ = {isa = PBXFileReference; lastKnownFileType = sourcecode.swift; path = AppDelegate.swift; sourceTree = "<group>"; };
		68BBDA681E6C6A6900B1C572 /* ViewController.swift */ = {isa = PBXFileReference; lastKnownFileType = sourcecode.swift; path = ViewController.swift; sourceTree = "<group>"; };
		68BBDA6B1E6C6A6900B1C572 /* Base */ = {isa = PBXFileReference; lastKnownFileType = file.storyboard; name = Base; path = Base.lproj/Main.storyboard; sourceTree = "<group>"; };
		68BBDA6D1E6C6A6900B1C572 /* Assets.xcassets */ = {isa = PBXFileReference; lastKnownFileType = folder.assetcatalog; path = Assets.xcassets; sourceTree = "<group>"; };
		68BBDA701E6C6A6900B1C572 /* Base */ = {isa = PBXFileReference; lastKnownFileType = file.storyboard; name = Base; path = Base.lproj/LaunchScreen.storyboard; sourceTree = "<group>"; };
		68BBDA721E6C6A6900B1C572 /* Info.plist */ = {isa = PBXFileReference; lastKnownFileType = text.plist.xml; path = Info.plist; sourceTree = "<group>"; };
/* End PBXFileReference section */

/* Begin PBXFrameworksBuildPhase section */
		68BBDA601E6C6A6800B1C572 /* Frameworks */ = {
			isa = PBXFrameworksBuildPhase;
			buildActionMask = 2147483647;
			files = (
			);
			runOnlyForDeploymentPostprocessing = 0;
		};
/* End PBXFrameworksBuildPhase section */

/* Begin PBXGroup section */
		68BBDA5A1E6C6A6800B1C572 = {
			isa = PBXGroup;
			children = (
				68BBDA651E6C6A6800B1C572 /* AutoLayoutTraits */,
				68BBDA641E6C6A6800B1C572 /* Products */,
			);
			sourceTree = "<group>";
		};
		68BBDA641E6C6A6800B1C572 /* Products */ = {
			isa = PBXGroup;
			children = (
				68BBDA631E6C6A6800B1C572 /* AutoLayoutTraits.app */,
			);
			name = Products;
			sourceTree = "<group>";
		};
		68BBDA651E6C6A6800B1C572 /* AutoLayoutTraits */ = {
			isa = PBXGroup;
			children = (
				68BBDA661E6C6A6800B1C572 /* AppDelegate.swift */,
				68BBDA681E6C6A6900B1C572 /* ViewController.swift */,
				68BBDA6A1E6C6A6900B1C572 /* Main.storyboard */,
				68BBDA6D1E6C6A6900B1C572 /* Assets.xcassets */,
				68BBDA6F1E6C6A6900B1C572 /* LaunchScreen.storyboard */,
				68BBDA721E6C6A6900B1C572 /* Info.plist */,
			);
			path = AutoLayoutTraits;
			sourceTree = "<group>";
		};
/* End PBXGroup section */

/* Begin PBXNativeTarget section */
		68BBDA621E6C6A6800B1C572 /* AutoLayoutTraits */ = {
			isa = PBXNativeTarget;
			buildConfigurationList = 68BBDA751E6C6A6900B1C572 /* Build configuration list for PBXNativeTarget "AutoLayoutTraits" */;
			buildPhases = (
				68BBDA5F1E6C6A6800B1C572 /* Sources */,
				68BBDA601E6C6A6800B1C572 /* Frameworks */,
				68BBDA611E6C6A6800B1C572 /* Resources */,
			);
			buildRules = (
			);
			dependencies = (
			);
			name = AutoLayoutTraits;
			productName = AutoLayoutTraits;
			productReference = 68BBDA631E6C6A6800B1C572 /* AutoLayoutTraits.app */;
			productType = "com.apple.product-type.application";
		};
/* End PBXNativeTarget section */

/* Begin PBXProject section */
		68BBDA5B1E6C6A6800B1C572 /* Project object */ = {
			isa = PBXProject;
			attributes = {
				LastSwiftUpdateCheck = 0820;
				LastUpgradeCheck = 0820;
				ORGANIZATIONNAME = DonMag;
				TargetAttributes = {
					68BBDA621E6C6A6800B1C572 = {
						CreatedOnToolsVersion = 8.2.1;
						ProvisioningStyle = Automatic;
					};
				};
			};
			buildConfigurationList = 68BBDA5E1E6C6A6800B1C572 /* Build configuration list for PBXProject "AutoLayoutTraits" */;
			compatibilityVersion = "Xcode 3.2";
			developmentRegion = English;
			hasScannedForEncodings = 0;
			knownRegions = (
				en,
				Base,
			);
			mainGroup = 68BBDA5A1E6C6A6800B1C572;
			productRefGroup = 68BBDA641E6C6A6800B1C572 /* Products */;
			projectDirPath = "";
			projectRoot = "";
			targets = (
				68BBDA621E6C6A6800B1C572 /* AutoLayoutTraits */,
			);
		};
/* End PBXProject section */

/* Begin PBXResourcesBuildPhase section */
		68BBDA611E6C6A6800B1C572 /* Resources */ = {
			isa = PBXResourcesBuildPhase;
			buildActionMask = 2147483647;
			files = (
				68BBDA711E6C6A6900B1C572 /* LaunchScreen.storyboard in Resources */,
				68BBDA6E1E6C6A6900B1C572 /* Assets.xcassets in Resources */,
				68BBDA6C1E6C6A6900B1C572 /* Main.storyboard in Resources */,
			);
			runOnlyForDeploymentPostprocessing = 0;
		};
/* End PBXResourcesBuildPhase section */

/* Begin PBXSourcesBuildPhase section */
		68BBDA5F1E6C6A6800B1C572 /* Sources */ = {
			isa = PBXSourcesBuildPhase;
			buildActionMask = 2147483647;
			files = (
				68BBDA691E6C6A6900B1C572 /* ViewController.swift in Sources */,
				68BBDA671E6C6A6800B1C572 /* AppDelegate.swift in Sources */,
			);
			runOnlyForDeploymentPostprocessing = 0;
		};
/* End PBXSourcesBuildPhase section */

/* Begin PBXVariantGroup section */
		68BBDA6A1E6C6A6900B1C572 /* Main.storyboard */ = {
			isa = PBXVariantGroup;
			children = (
				68BBDA6B1E6C6A6900B1C572 /* Base */,
			);
			name = Main.storyboard;
			sourceTree = "<group>";
		};
		68BBDA6F1E6C6A6900B1C572 /* LaunchScreen.storyboard */ = {
			isa = PBXVariantGroup;
			children = (
				68BBDA701E6C6A6900B1C572 /* Base */,
			);
			name = LaunchScreen.storyboard;
			sourceTree = "<group>";
		};
/* End PBXVariantGroup section */

/* Begin XCBuildConfiguration section */
		68BBDA731E6C6A6900B1C572 /* Debug */ = {
			isa = XCBuildConfiguration;
			buildSettings = {
				ALWAYS_SEARCH_USER_PATHS = NO;
				CLANG_ANALYZER_NONNULL = YES;
				CLANG_CXX_LANGUAGE_STANDARD = "gnu++0x";
				CLANG_CXX_LIBRARY = "libc++";
				CLANG_ENABLE_MODULES = YES;
				CLANG_ENABLE_OBJC_ARC = YES;
				CLANG_WARN_BOOL_CONVERSION = YES;
				CLANG_WARN_CONSTANT_CONVERSION = YES;
				CLANG_WARN_DIRECT_OBJC_ISA_USAGE = YES_ERROR;
				CLANG_WARN_DOCUMENTATION_COMMENTS = YES;
				CLANG_WARN_EMPTY_BODY = YES;
				CLANG_WARN_ENUM_CONVERSION = YES;
				CLANG_WARN_INFINITE_RECURSION = YES;
				CLANG_WARN_INT_CONVERSION = YES;
				CLANG_WARN_OBJC_ROOT_CLASS = YES_ERROR;
				CLANG_WARN_SUSPICIOUS_MOVE = YES;
				CLANG_WARN_UNREACHABLE_CODE = YES;
				CLANG_WARN__DUPLICATE_METHOD_MATCH = YES;
				"CODE_SIGN_IDENTITY[sdk=iphoneos*]" = "iPhone Developer";
				COPY_PHASE_STRIP = NO;
				DEBUG_INFORMATION_FORMAT = dwarf;
				ENABLE_STRICT_OBJC_MSGSEND = YES;
				ENABLE_TESTABILITY = YES;
				GCC_C_LANGUAGE_STANDARD = gnu99;
				GCC_DYNAMIC_NO_PIC = NO;
				GCC_NO_COMMON_BLOCKS = YES;
				GCC_OPTIMIZATION_LEVEL = 0;
				GCC_PREPROCESSOR_DEFINITIONS = (
					"DEBUG=1",
					"$(inherited)",
				);
				GCC_WARN_64_TO_32_BIT_CONVERSION = YES;
				GCC_WARN_ABOUT_RETURN_TYPE = YES_ERROR;
				GCC_WARN_UNDECLARED_SELECTOR = YES;
				GCC_WARN_UNINITIALIZED_AUTOS = YES_AGGRESSIVE;
				GCC_WARN_UNUSED_FUNCTION = YES;
				GCC_WARN_UNUSED_VARIABLE = YES;
				IPHONEOS_DEPLOYMENT_TARGET = 10.2;
				MTL_ENABLE_DEBUG_INFO = YES;
				ONLY_ACTIVE_ARCH = YES;
				SDKROOT = iphoneos;
				SWIFT_ACTIVE_COMPILATION_CONDITIONS = DEBUG;
				SWIFT_OPTIMIZATION_LEVEL = "-Onone";
				TARGETED_DEVICE_FAMILY = "1,2";
			};
			name = Debug;
		};
		68BBDA741E6C6A6900B1C572 /* Release */ = {
			isa = XCBuildConfiguration;
			buildSettings = {
				ALWAYS_SEARCH_USER_PATHS = NO;
				CLANG_ANALYZER_NONNULL = YES;
				CLANG_CXX_LANGUAGE_STANDARD = "gnu++0x";
				CLANG_CXX_LIBRARY = "libc++";
				CLANG_ENABLE_MODULES = YES;
				CLANG_ENABLE_OBJC_ARC = YES;
				CLANG_WARN_BOOL_CONVERSION = YES;
				CLANG_WARN_CONSTANT_CONVERSION = YES;
				CLANG_WARN_DIRECT_OBJC_ISA_USAGE = YES_ERROR;
				CLANG_WARN_DOCUMENTATION_COMMENTS = YES;
				CLANG_WARN_EMPTY_BODY = YES;
				CLANG_WARN_ENUM_CONVERSION = YES;
				CLANG_WARN_INFINITE_RECURSION = YES;
				CLANG_WARN_INT_CONVERSION = YES;
				CLANG_WARN_OBJC_ROOT_CLASS = YES_ERROR;
				CLANG_WARN_SUSPICIOUS_MOVE = YES;
				CLANG_WARN_UNREACHABLE_CODE = YES;
				CLANG_WARN__DUPLICATE_METHOD_MATCH = YES;
				"CODE_SIGN_IDENTITY[sdk=iphoneos*]" = "iPhone Developer";
				COPY_PHASE_STRIP = NO;
				DEBUG_INFORMATION_FORMAT = "dwarf-with-dsym";
				ENABLE_NS_ASSERTIONS = NO;
				ENABLE_STRICT_OBJC_MSGSEND = YES;
				GCC_C_LANGUAGE_STANDARD = gnu99;
				GCC_NO_COMMON_BLOCKS = YES;
				GCC_WARN_64_TO_32_BIT_CONVERSION = YES;
				GCC_WARN_ABOUT_RETURN_TYPE = YES_ERROR;
				GCC_WARN_UNDECLARED_SELECTOR = YES;
				GCC_WARN_UNINITIALIZED_AUTOS = YES_AGGRESSIVE;
				GCC_WARN_UNUSED_FUNCTION = YES;
				GCC_WARN_UNUSED_VARIABLE = YES;
				IPHONEOS_DEPLOYMENT_TARGET = 10.2;
				MTL_ENABLE_DEBUG_INFO = NO;
				SDKROOT = iphoneos;
				SWIFT_OPTIMIZATION_LEVEL = "-Owholemodule";
				TARGETED_DEVICE_FAMILY = "1,2";
				VALIDATE_PRODUCT = YES;
			};
			name = Release;
		};
		68BBDA761E6C6A6900B1C572 /* Debug */ = {
			isa = XCBuildConfiguration;
			buildSettings = {
				ASSETCATALOG_COMPILER_APPICON_NAME = AppIcon;
				INFOPLIST_FILE = AutoLayoutTraits/Info.plist;
				LD_RUNPATH_SEARCH_PATHS = "$(inherited) @executable_path/Frameworks";
				PRODUCT_BUNDLE_IDENTIFIER = com.DonMag.AutoLayoutTraits;
				PRODUCT_NAME = "$(TARGET_NAME)";
				SWIFT_VERSION = 3.0;
			};
			name = Debug;
		};
		68BBDA771E6C6A6900B1C572 /* Release */ = {
			isa = XCBuildConfiguration;
			buildSettings = {
				ASSETCATALOG_COMPILER_APPICON_NAME = AppIcon;
				INFOPLIST_FILE = AutoLayoutTraits/Info.plist;
				LD_RUNPATH_SEARCH_PATHS = "$(inherited) @executable_path/Frameworks";
				PRODUCT_BUNDLE_IDENTIFIER = com.DonMag.AutoLayoutTraits;
				PRODUCT_NAME = "$(TARGET_NAME)";
				SWIFT_VERSION = 3.0;
			};
			name = Release;
		};
/* End XCBuildConfiguration section */

/* Begin XCConfigurationList section */
		68BBDA5E1E6C6A6800B1C572 /* Build configuration list for PBXProject "AutoLayoutTraits" */ = {
			isa = XCConfigurationList;
			buildConfigurations = (
				68BBDA731E6C6A6900B1C572 /* Debug */,
				68BBDA741E6C6A6900B1C572 /* Release */,
			);
			defaultConfigurationIsVisible = 0;
			defaultConfigurationName = Release;
		};
		68BBDA751E6C6A6900B1C572 /* Build configuration list for PBXNativeTarget "AutoLayoutTraits" */ = {
			isa = XCConfigurationList;
			buildConfigurations = (
				68BBDA761E6C6A6900B1C572 /* Debug */,
				68BBDA771E6C6A6900B1C572 /* Release */,
			);
			defaultConfigurationIsVisible = 0;
		};
/* End XCConfigurationList section */
	};
	rootObject = 68BBDA5B1E6C6A6800B1C572 /* Project object */;
}
